// !$*UTF8*$!
{
	archiveVersion = 1;
	classes = {
	};
	objectVersion = 48;
	objects = {

/* Begin PBXBuildFile section */
		1CCEDC221FF318D80098D535 /* CircularStd-Black.otf in Resources */ = {isa = PBXBuildFile; fileRef = 1CCEDC211FF318BC0098D535 /* CircularStd-Black.otf */; };
		1CF7E6FE1FEC864B002BF9C3 /* AppDelegate.m in Sources */ = {isa = PBXBuildFile; fileRef = 1CF7E6FD1FEC864B002BF9C3 /* AppDelegate.m */; };
		1CF7E7011FEC864B002BF9C3 /* ViewController.m in Sources */ = {isa = PBXBuildFile; fileRef = 1CF7E7001FEC864B002BF9C3 /* ViewController.m */; };
		1CF7E7041FEC864B002BF9C3 /* Main.storyboard in Resources */ = {isa = PBXBuildFile; fileRef = 1CF7E7021FEC864B002BF9C3 /* Main.storyboard */; };
		1CF7E7061FEC864B002BF9C3 /* Assets.xcassets in Resources */ = {isa = PBXBuildFile; fileRef = 1CF7E7051FEC864B002BF9C3 /* Assets.xcassets */; };
		1CF7E7091FEC864B002BF9C3 /* LaunchScreen.storyboard in Resources */ = {isa = PBXBuildFile; fileRef = 1CF7E7071FEC864B002BF9C3 /* LaunchScreen.storyboard */; };
		1CF7E70C1FEC864B002BF9C3 /* main.m in Sources */ = {isa = PBXBuildFile; fileRef = 1CF7E70B1FEC864B002BF9C3 /* main.m */; };
		1CF7E7161FEC864C002BF9C3 /* SpotifyPartyObjCTests.m in Sources */ = {isa = PBXBuildFile; fileRef = 1CF7E7151FEC864C002BF9C3 /* SpotifyPartyObjCTests.m */; };
		1CF7E7241FEC8705002BF9C3 /* SpotifyAuthentication.framework in Frameworks */ = {isa = PBXBuildFile; fileRef = 1CF7E7231FEC8705002BF9C3 /* SpotifyAuthentication.framework */; };
		1CF7E7261FEC8713002BF9C3 /* SpotifyAudioPlayback.framework in Frameworks */ = {isa = PBXBuildFile; fileRef = 1CF7E7251FEC8713002BF9C3 /* SpotifyAudioPlayback.framework */; };
/* End PBXBuildFile section */

/* Begin PBXContainerItemProxy section */
		1CF7E7121FEC864C002BF9C3 /* PBXContainerItemProxy */ = {
			isa = PBXContainerItemProxy;
			containerPortal = 1CF7E6F11FEC864B002BF9C3 /* Project object */;
			proxyType = 1;
			remoteGlobalIDString = 1CF7E6F81FEC864B002BF9C3;
			remoteInfo = SpotifyPartyObjC;
		};
/* End PBXContainerItemProxy section */

/* Begin PBXFileReference section */
		1CCEDC211FF318BC0098D535 /* CircularStd-Black.otf */ = {isa = PBXFileReference; lastKnownFileType = file; path = "CircularStd-Black.otf"; sourceTree = "<group>"; };
		1CF7E6F91FEC864B002BF9C3 /* SpotifyPartyObjC.app */ = {isa = PBXFileReference; explicitFileType = wrapper.application; includeInIndex = 0; path = SpotifyPartyObjC.app; sourceTree = BUILT_PRODUCTS_DIR; };
		1CF7E6FC1FEC864B002BF9C3 /* AppDelegate.h */ = {isa = PBXFileReference; lastKnownFileType = sourcecode.c.h; path = AppDelegate.h; sourceTree = "<group>"; };
		1CF7E6FD1FEC864B002BF9C3 /* AppDelegate.m */ = {isa = PBXFileReference; lastKnownFileType = sourcecode.c.objc; path = AppDelegate.m; sourceTree = "<group>"; };
		1CF7E6FF1FEC864B002BF9C3 /* ViewController.h */ = {isa = PBXFileReference; lastKnownFileType = sourcecode.c.h; path = ViewController.h; sourceTree = "<group>"; };
		1CF7E7001FEC864B002BF9C3 /* ViewController.m */ = {isa = PBXFileReference; lastKnownFileType = sourcecode.c.objc; path = ViewController.m; sourceTree = "<group>"; };
		1CF7E7031FEC864B002BF9C3 /* Base */ = {isa = PBXFileReference; lastKnownFileType = file.storyboard; name = Base; path = Base.lproj/Main.storyboard; sourceTree = "<group>"; };
		1CF7E7051FEC864B002BF9C3 /* Assets.xcassets */ = {isa = PBXFileReference; lastKnownFileType = folder.assetcatalog; path = Assets.xcassets; sourceTree = "<group>"; };
		1CF7E7081FEC864B002BF9C3 /* Base */ = {isa = PBXFileReference; lastKnownFileType = file.storyboard; name = Base; path = Base.lproj/LaunchScreen.storyboard; sourceTree = "<group>"; };
		1CF7E70A1FEC864B002BF9C3 /* Info.plist */ = {isa = PBXFileReference; lastKnownFileType = text.plist.xml; path = Info.plist; sourceTree = "<group>"; };
		1CF7E70B1FEC864B002BF9C3 /* main.m */ = {isa = PBXFileReference; lastKnownFileType = sourcecode.c.objc; path = main.m; sourceTree = "<group>"; };
		1CF7E7111FEC864C002BF9C3 /* SpotifyPartyObjCTests.xctest */ = {isa = PBXFileReference; explicitFileType = wrapper.cfbundle; includeInIndex = 0; path = SpotifyPartyObjCTests.xctest; sourceTree = BUILT_PRODUCTS_DIR; };
		1CF7E7151FEC864C002BF9C3 /* SpotifyPartyObjCTests.m */ = {isa = PBXFileReference; lastKnownFileType = sourcecode.c.objc; path = SpotifyPartyObjCTests.m; sourceTree = "<group>"; };
		1CF7E7171FEC864C002BF9C3 /* Info.plist */ = {isa = PBXFileReference; lastKnownFileType = text.plist.xml; path = Info.plist; sourceTree = "<group>"; };
		1CF7E7231FEC8705002BF9C3 /* SpotifyAuthentication.framework */ = {isa = PBXFileReference; lastKnownFileType = wrapper.framework; path = SpotifyAuthentication.framework; sourceTree = "<group>"; };
		1CF7E7251FEC8713002BF9C3 /* SpotifyAudioPlayback.framework */ = {isa = PBXFileReference; lastKnownFileType = wrapper.framework; path = SpotifyAudioPlayback.framework; sourceTree = "<group>"; };
		1CF7E7271FEC8876002BF9C3 /* AVFoundation.framework */ = {isa = PBXFileReference; lastKnownFileType = wrapper.framework; name = AVFoundation.framework; path = System/Library/Frameworks/AVFoundation.framework; sourceTree = SDKROOT; };
		1CF7E7281FEC887C002BF9C3 /* SystemConfiguration.framework */ = {isa = PBXFileReference; lastKnownFileType = wrapper.framework; name = SystemConfiguration.framework; path = System/Library/Frameworks/SystemConfiguration.framework; sourceTree = SDKROOT; };
/* End PBXFileReference section */

/* Begin PBXFrameworksBuildPhase section */
		1CF7E6F61FEC864B002BF9C3 /* Frameworks */ = {
			isa = PBXFrameworksBuildPhase;
			buildActionMask = 2147483647;
			files = (
				1CF7E7241FEC8705002BF9C3 /* SpotifyAuthentication.framework in Frameworks */,
				1CF7E7261FEC8713002BF9C3 /* SpotifyAudioPlayback.framework in Frameworks */,
			);
			runOnlyForDeploymentPostprocessing = 0;
		};
		1CF7E70E1FEC864C002BF9C3 /* Frameworks */ = {
			isa = PBXFrameworksBuildPhase;
			buildActionMask = 2147483647;
			files = (
			);
			runOnlyForDeploymentPostprocessing = 0;
		};
/* End PBXFrameworksBuildPhase section */

/* Begin PBXGroup section */
		1CCEDC201FF318B40098D535 /* Fonts */ = {
			isa = PBXGroup;
			children = (
				1CCEDC211FF318BC0098D535 /* CircularStd-Black.otf */,
			);
			path = Fonts;
			sourceTree = "<group>";
		};
		1CF7E6F01FEC864B002BF9C3 = {
			isa = PBXGroup;
			children = (
				1CCEDC201FF318B40098D535 /* Fonts */,
				1CF7E7201FEC86E3002BF9C3 /* Frameworks */,
				1CF7E6FB1FEC864B002BF9C3 /* SpotifyPartyObjC */,
				1CF7E7141FEC864C002BF9C3 /* SpotifyPartyObjCTests */,
				1CF7E6FA1FEC864B002BF9C3 /* Products */,
			);
			sourceTree = "<group>";
		};
		1CF7E6FA1FEC864B002BF9C3 /* Products */ = {
			isa = PBXGroup;
			children = (
				1CF7E6F91FEC864B002BF9C3 /* SpotifyPartyObjC.app */,
				1CF7E7111FEC864C002BF9C3 /* SpotifyPartyObjCTests.xctest */,
			);
			name = Products;
			sourceTree = "<group>";
		};
		1CF7E6FB1FEC864B002BF9C3 /* SpotifyPartyObjC */ = {
			isa = PBXGroup;
			children = (
				1CF7E6FC1FEC864B002BF9C3 /* AppDelegate.h */,
				1CF7E6FD1FEC864B002BF9C3 /* AppDelegate.m */,
				1CF7E6FF1FEC864B002BF9C3 /* ViewController.h */,
				1CF7E7001FEC864B002BF9C3 /* ViewController.m */,
				1CF7E7021FEC864B002BF9C3 /* Main.storyboard */,
				1CF7E7051FEC864B002BF9C3 /* Assets.xcassets */,
				1CF7E7071FEC864B002BF9C3 /* LaunchScreen.storyboard */,
				1CF7E70A1FEC864B002BF9C3 /* Info.plist */,
				1CF7E70B1FEC864B002BF9C3 /* main.m */,
			);
			path = SpotifyPartyObjC;
			sourceTree = "<group>";
		};
		1CF7E7141FEC864C002BF9C3 /* SpotifyPartyObjCTests */ = {
			isa = PBXGroup;
			children = (
				1CF7E7151FEC864C002BF9C3 /* SpotifyPartyObjCTests.m */,
				1CF7E7171FEC864C002BF9C3 /* Info.plist */,
			);
			path = SpotifyPartyObjCTests;
			sourceTree = "<group>";
		};
		1CF7E7201FEC86E3002BF9C3 /* Frameworks */ = {
			isa = PBXGroup;
			children = (
				1CF7E7281FEC887C002BF9C3 /* SystemConfiguration.framework */,
				1CF7E7271FEC8876002BF9C3 /* AVFoundation.framework */,
				1CF7E7251FEC8713002BF9C3 /* SpotifyAudioPlayback.framework */,
				1CF7E7231FEC8705002BF9C3 /* SpotifyAuthentication.framework */,
			);
			path = Frameworks;
			sourceTree = "<group>";
		};
/* End PBXGroup section */

/* Begin PBXNativeTarget section */
		1CF7E6F81FEC864B002BF9C3 /* SpotifyPartyObjC */ = {
			isa = PBXNativeTarget;
			buildConfigurationList = 1CF7E71A1FEC864C002BF9C3 /* Build configuration list for PBXNativeTarget "SpotifyPartyObjC" */;
			buildPhases = (
				1CF7E6F51FEC864B002BF9C3 /* Sources */,
				1CF7E6F61FEC864B002BF9C3 /* Frameworks */,
				1CF7E6F71FEC864B002BF9C3 /* Resources */,
			);
			buildRules = (
			);
			dependencies = (
			);
			name = SpotifyPartyObjC;
			productName = SpotifyPartyObjC;
			productReference = 1CF7E6F91FEC864B002BF9C3 /* SpotifyPartyObjC.app */;
			productType = "com.apple.product-type.application";
		};
		1CF7E7101FEC864C002BF9C3 /* SpotifyPartyObjCTests */ = {
			isa = PBXNativeTarget;
			buildConfigurationList = 1CF7E71D1FEC864C002BF9C3 /* Build configuration list for PBXNativeTarget "SpotifyPartyObjCTests" */;
			buildPhases = (
				1CF7E70D1FEC864C002BF9C3 /* Sources */,
				1CF7E70E1FEC864C002BF9C3 /* Frameworks */,
				1CF7E70F1FEC864C002BF9C3 /* Resources */,
			);
			buildRules = (
			);
			dependencies = (
				1CF7E7131FEC864C002BF9C3 /* PBXTargetDependency */,
			);
			name = SpotifyPartyObjCTests;
			productName = SpotifyPartyObjCTests;
			productReference = 1CF7E7111FEC864C002BF9C3 /* SpotifyPartyObjCTests.xctest */;
			productType = "com.apple.product-type.bundle.unit-test";
		};
/* End PBXNativeTarget section */

/* Begin PBXProject section */
		1CF7E6F11FEC864B002BF9C3 /* Project object */ = {
			isa = PBXProject;
			attributes = {
				LastUpgradeCheck = 0900;
				ORGANIZATIONNAME = "Rohan Shastri";
				TargetAttributes = {
					1CF7E6F81FEC864B002BF9C3 = {
						CreatedOnToolsVersion = 9.0.1;
						ProvisioningStyle = Manual;
					};
					1CF7E7101FEC864C002BF9C3 = {
						CreatedOnToolsVersion = 9.0.1;
						ProvisioningStyle = Automatic;
						TestTargetID = 1CF7E6F81FEC864B002BF9C3;
					};
				};
			};
			buildConfigurationList = 1CF7E6F41FEC864B002BF9C3 /* Build configuration list for PBXProject "SpotifyPartyObjC" */;
			compatibilityVersion = "Xcode 8.0";
			developmentRegion = en;
			hasScannedForEncodings = 0;
			knownRegions = (
				en,
				Base,
			);
			mainGroup = 1CF7E6F01FEC864B002BF9C3;
			productRefGroup = 1CF7E6FA1FEC864B002BF9C3 /* Products */;
			projectDirPath = "";
			projectRoot = "";
			targets = (
				1CF7E6F81FEC864B002BF9C3 /* SpotifyPartyObjC */,
				1CF7E7101FEC864C002BF9C3 /* SpotifyPartyObjCTests */,
			);
		};
/* End PBXProject section */

/* Begin PBXResourcesBuildPhase section */
		1CF7E6F71FEC864B002BF9C3 /* Resources */ = {
			isa = PBXResourcesBuildPhase;
			buildActionMask = 2147483647;
			files = (
				1CF7E7091FEC864B002BF9C3 /* LaunchScreen.storyboard in Resources */,
				1CF7E7061FEC864B002BF9C3 /* Assets.xcassets in Resources */,
				1CCEDC221FF318D80098D535 /* CircularStd-Black.otf in Resources */,
				1CF7E7041FEC864B002BF9C3 /* Main.storyboard in Resources */,
			);
			runOnlyForDeploymentPostprocessing = 0;
		};
		1CF7E70F1FEC864C002BF9C3 /* Resources */ = {
			isa = PBXResourcesBuildPhase;
			buildActionMask = 2147483647;
			files = (
			);
			runOnlyForDeploymentPostprocessing = 0;
		};
/* End PBXResourcesBuildPhase section */

/* Begin PBXSourcesBuildPhase section */
		1CF7E6F51FEC864B002BF9C3 /* Sources */ = {
			isa = PBXSourcesBuildPhase;
			buildActionMask = 2147483647;
			files = (
				1CF7E7011FEC864B002BF9C3 /* ViewController.m in Sources */,
				1CF7E70C1FEC864B002BF9C3 /* main.m in Sources */,
				1CF7E6FE1FEC864B002BF9C3 /* AppDelegate.m in Sources */,
			);
			runOnlyForDeploymentPostprocessing = 0;
		};
		1CF7E70D1FEC864C002BF9C3 /* Sources */ = {
			isa = PBXSourcesBuildPhase;
			buildActionMask = 2147483647;
			files = (
				1CF7E7161FEC864C002BF9C3 /* SpotifyPartyObjCTests.m in Sources */,
			);
			runOnlyForDeploymentPostprocessing = 0;
		};
/* End PBXSourcesBuildPhase section */

/* Begin PBXTargetDependency section */
		1CF7E7131FEC864C002BF9C3 /* PBXTargetDependency */ = {
			isa = PBXTargetDependency;
			target = 1CF7E6F81FEC864B002BF9C3 /* SpotifyPartyObjC */;
			targetProxy = 1CF7E7121FEC864C002BF9C3 /* PBXContainerItemProxy */;
		};
/* End PBXTargetDependency section */

/* Begin PBXVariantGroup section */
		1CF7E7021FEC864B002BF9C3 /* Main.storyboard */ = {
			isa = PBXVariantGroup;
			children = (
				1CF7E7031FEC864B002BF9C3 /* Base */,
			);
			name = Main.storyboard;
			sourceTree = "<group>";
		};
		1CF7E7071FEC864B002BF9C3 /* LaunchScreen.storyboard */ = {
			isa = PBXVariantGroup;
			children = (
				1CF7E7081FEC864B002BF9C3 /* Base */,
			);
			name = LaunchScreen.storyboard;
			sourceTree = "<group>";
		};
/* End PBXVariantGroup section */

/* Begin XCBuildConfiguration section */
		1CF7E7181FEC864C002BF9C3 /* Debug */ = {
			isa = XCBuildConfiguration;
			buildSettings = {
				ALWAYS_SEARCH_USER_PATHS = NO;
				CLANG_ANALYZER_NONNULL = YES;
				CLANG_ANALYZER_NUMBER_OBJECT_CONVERSION = YES_AGGRESSIVE;
				CLANG_CXX_LANGUAGE_STANDARD = "gnu++14";
				CLANG_CXX_LIBRARY = "libc++";
				CLANG_ENABLE_MODULES = YES;
				CLANG_ENABLE_OBJC_ARC = YES;
				CLANG_WARN_BLOCK_CAPTURE_AUTORELEASING = YES;
				CLANG_WARN_BOOL_CONVERSION = YES;
				CLANG_WARN_COMMA = YES;
				CLANG_WARN_CONSTANT_CONVERSION = YES;
				CLANG_WARN_DIRECT_OBJC_ISA_USAGE = YES_ERROR;
				CLANG_WARN_DOCUMENTATION_COMMENTS = YES;
				CLANG_WARN_EMPTY_BODY = YES;
				CLANG_WARN_ENUM_CONVERSION = YES;
				CLANG_WARN_INFINITE_RECURSION = YES;
				CLANG_WARN_INT_CONVERSION = YES;
				CLANG_WARN_NON_LITERAL_NULL_CONVERSION = YES;
				CLANG_WARN_OBJC_LITERAL_CONVERSION = YES;
				CLANG_WARN_OBJC_ROOT_CLASS = YES_ERROR;
				CLANG_WARN_RANGE_LOOP_ANALYSIS = YES;
				CLANG_WARN_STRICT_PROTOTYPES = YES;
				CLANG_WARN_SUSPICIOUS_MOVE = YES;
				CLANG_WARN_UNGUARDED_AVAILABILITY = YES_AGGRESSIVE;
				CLANG_WARN_UNREACHABLE_CODE = YES;
				CLANG_WARN__DUPLICATE_METHOD_MATCH = YES;
				CODE_SIGN_IDENTITY = "iPhone Developer";
				COPY_PHASE_STRIP = NO;
				DEBUG_INFORMATION_FORMAT = dwarf;
				ENABLE_STRICT_OBJC_MSGSEND = YES;
				ENABLE_TESTABILITY = YES;
				GCC_C_LANGUAGE_STANDARD = gnu11;
				GCC_DYNAMIC_NO_PIC = NO;
				GCC_NO_COMMON_BLOCKS = YES;
				GCC_OPTIMIZATION_LEVEL = 0;
				GCC_PREPROCESSOR_DEFINITIONS = (
					"DEBUG=1",
					"$(inherited)",
				);
				GCC_WARN_64_TO_32_BIT_CONVERSION = YES;
				GCC_WARN_ABOUT_RETURN_TYPE = YES_ERROR;
				GCC_WARN_UNDECLARED_SELECTOR = YES;
				GCC_WARN_UNINITIALIZED_AUTOS = YES_AGGRESSIVE;
				GCC_WARN_UNUSED_FUNCTION = YES;
				GCC_WARN_UNUSED_VARIABLE = YES;
				IPHONEOS_DEPLOYMENT_TARGET = 11.0;
				MTL_ENABLE_DEBUG_INFO = YES;
				ONLY_ACTIVE_ARCH = YES;
				SDKROOT = iphoneos;
			};
			name = Debug;
		};
		1CF7E7191FEC864C002BF9C3 /* Release */ = {
			isa = XCBuildConfiguration;
			buildSettings = {
				ALWAYS_SEARCH_USER_PATHS = NO;
				CLANG_ANALYZER_NONNULL = YES;
				CLANG_ANALYZER_NUMBER_OBJECT_CONVERSION = YES_AGGRESSIVE;
				CLANG_CXX_LANGUAGE_STANDARD = "gnu++14";
				CLANG_CXX_LIBRARY = "libc++";
				CLANG_ENABLE_MODULES = YES;
				CLANG_ENABLE_OBJC_ARC = YES;
				CLANG_WARN_BLOCK_CAPTURE_AUTORELEASING = YES;
				CLANG_WARN_BOOL_CONVERSION = YES;
				CLANG_WARN_COMMA = YES;
				CLANG_WARN_CONSTANT_CONVERSION = YES;
				CLANG_WARN_DIRECT_OBJC_ISA_USAGE = YES_ERROR;
				CLANG_WARN_DOCUMENTATION_COMMENTS = YES;
				CLANG_WARN_EMPTY_BODY = YES;
				CLANG_WARN_ENUM_CONVERSION = YES;
				CLANG_WARN_INFINITE_RECURSION = YES;
				CLANG_WARN_INT_CONVERSION = YES;
				CLANG_WARN_NON_LITERAL_NULL_CONVERSION = YES;
				CLANG_WARN_OBJC_LITERAL_CONVERSION = YES;
				CLANG_WARN_OBJC_ROOT_CLASS = YES_ERROR;
				CLANG_WARN_RANGE_LOOP_ANALYSIS = YES;
				CLANG_WARN_STRICT_PROTOTYPES = YES;
				CLANG_WARN_SUSPICIOUS_MOVE = YES;
				CLANG_WARN_UNGUARDED_AVAILABILITY = YES_AGGRESSIVE;
				CLANG_WARN_UNREACHABLE_CODE = YES;
				CLANG_WARN__DUPLICATE_METHOD_MATCH = YES;
				CODE_SIGN_IDENTITY = "iPhone Developer";
				COPY_PHASE_STRIP = NO;
				DEBUG_INFORMATION_FORMAT = "dwarf-with-dsym";
				ENABLE_NS_ASSERTIONS = NO;
				ENABLE_STRICT_OBJC_MSGSEND = YES;
				GCC_C_LANGUAGE_STANDARD = gnu11;
				GCC_NO_COMMON_BLOCKS = YES;
				GCC_WARN_64_TO_32_BIT_CONVERSION = YES;
				GCC_WARN_ABOUT_RETURN_TYPE = YES_ERROR;
				GCC_WARN_UNDECLARED_SELECTOR = YES;
				GCC_WARN_UNINITIALIZED_AUTOS = YES_AGGRESSIVE;
				GCC_WARN_UNUSED_FUNCTION = YES;
				GCC_WARN_UNUSED_VARIABLE = YES;
				IPHONEOS_DEPLOYMENT_TARGET = 11.0;
				MTL_ENABLE_DEBUG_INFO = NO;
				SDKROOT = iphoneos;
				VALIDATE_PRODUCT = YES;
			};
			name = Release;
		};
		1CF7E71B1FEC864C002BF9C3 /* Debug */ = {
			isa = XCBuildConfiguration;
			buildSettings = {
				ASSETCATALOG_COMPILER_APPICON_NAME = AppIcon;
				CODE_SIGN_STYLE = Manual;
				DEVELOPMENT_TEAM = "";
				FRAMEWORK_SEARCH_PATHS = (
					"$(inherited)",
					"$(PROJECT_DIR)/Frameworks",
				);
				INFOPLIST_FILE = SpotifyPartyObjC/Info.plist;
				LD_RUNPATH_SEARCH_PATHS = "$(inherited) @executable_path/Frameworks";
				OTHER_LDFLAGS = "-ObjC";
				PRODUCT_BUNDLE_IDENTIFIER = com.shastri.SpotifyPartyObjC;
				PRODUCT_NAME = "$(TARGET_NAME)";
				PROVISIONING_PROFILE_SPECIFIER = "";
				TARGETED_DEVICE_FAMILY = "1,2";
			};
			name = Debug;
		};
		1CF7E71C1FEC864C002BF9C3 /* Release */ = {
			isa = XCBuildConfiguration;
			buildSettings = {
				ASSETCATALOG_COMPILER_APPICON_NAME = AppIcon;
				CODE_SIGN_STYLE = Manual;
				DEVELOPMENT_TEAM = "";
				FRAMEWORK_SEARCH_PATHS = (
					"$(inherited)",
					"$(PROJECT_DIR)/Frameworks",
				);
				INFOPLIST_FILE = SpotifyPartyObjC/Info.plist;
				LD_RUNPATH_SEARCH_PATHS = "$(inherited) @executable_path/Frameworks";
				OTHER_LDFLAGS = "-ObjC";
				PRODUCT_BUNDLE_IDENTIFIER = com.shastri.SpotifyPartyObjC;
				PRODUCT_NAME = "$(TARGET_NAME)";
				PROVISIONING_PROFILE_SPECIFIER = "";
				TARGETED_DEVICE_FAMILY = "1,2";
			};
			name = Release;
		};
		1CF7E71E1FEC864C002BF9C3 /* Debug */ = {
			isa = XCBuildConfiguration;
			buildSettings = {
				BUNDLE_LOADER = "$(TEST_HOST)";
				CODE_SIGN_STYLE = Automatic;
				INFOPLIST_FILE = SpotifyPartyObjCTests/Info.plist;
				LD_RUNPATH_SEARCH_PATHS = "$(inherited) @executable_path/Frameworks @loader_path/Frameworks";
				PRODUCT_BUNDLE_IDENTIFIER = com.shastri.SpotifyPartyObjCTests;
				PRODUCT_NAME = "$(TARGET_NAME)";
				TARGETED_DEVICE_FAMILY = "1,2";
				TEST_HOST = "$(BUILT_PRODUCTS_DIR)/SpotifyPartyObjC.app/SpotifyPartyObjC";
			};
			name = Debug;
		};
		1CF7E71F1FEC864C002BF9C3 /* Release */ = {
			isa = XCBuildConfiguration;
			buildSettings = {
				BUNDLE_LOADER = "$(TEST_HOST)";
				CODE_SIGN_STYLE = Automatic;
				INFOPLIST_FILE = SpotifyPartyObjCTests/Info.plist;
				LD_RUNPATH_SEARCH_PATHS = "$(inherited) @executable_path/Frameworks @loader_path/Frameworks";
				PRODUCT_BUNDLE_IDENTIFIER = com.shastri.SpotifyPartyObjCTests;
				PRODUCT_NAME = "$(TARGET_NAME)";
				TARGETED_DEVICE_FAMILY = "1,2";
				TEST_HOST = "$(BUILT_PRODUCTS_DIR)/SpotifyPartyObjC.app/SpotifyPartyObjC";
			};
			name = Release;
		};
/* End XCBuildConfiguration section */

/* Begin XCConfigurationList section */
		1CF7E6F41FEC864B002BF9C3 /* Build configuration list for PBXProject "SpotifyPartyObjC" */ = {
			isa = XCConfigurationList;
			buildConfigurations = (
				1CF7E7181FEC864C002BF9C3 /* Debug */,
				1CF7E7191FEC864C002BF9C3 /* Release */,
			);
			defaultConfigurationIsVisible = 0;
			defaultConfigurationName = Release;
		};
		1CF7E71A1FEC864C002BF9C3 /* Build configuration list for PBXNativeTarget "SpotifyPartyObjC" */ = {
			isa = XCConfigurationList;
			buildConfigurations = (
				1CF7E71B1FEC864C002BF9C3 /* Debug */,
				1CF7E71C1FEC864C002BF9C3 /* Release */,
			);
			defaultConfigurationIsVisible = 0;
			defaultConfigurationName = Release;
		};
		1CF7E71D1FEC864C002BF9C3 /* Build configuration list for PBXNativeTarget "SpotifyPartyObjCTests" */ = {
			isa = XCConfigurationList;
			buildConfigurations = (
				1CF7E71E1FEC864C002BF9C3 /* Debug */,
				1CF7E71F1FEC864C002BF9C3 /* Release */,
			);
			defaultConfigurationIsVisible = 0;
			defaultConfigurationName = Release;
		};
/* End XCConfigurationList section */
	};
	rootObject = 1CF7E6F11FEC864B002BF9C3 /* Project object */;
}
